
Microsoft Visual Studio Solution File, Format Version 12.00
# Visual Studio Version 17
VisualStudioVersion = 17.4.33213.308
MinimumVisualStudioVersion = 10.0.40219.1
Project("{FAE04EC0-301F-11D3-BF4B-00C04F79EFBC}") = "VoiceTexterBot", "VoiceTexterBot\VoiceTexterBot.csproj", "{35A2AF8D-79F3-4FB1-87ED-C97BC27E835D}"
EndProject
Global
	GlobalSection(SolutionConfigurationPlatforms) = preSolution
		Debug|Any CPU = Debug|Any CPU
		Release|Any CPU = Release|Any CPU
	EndGlobalSection
	GlobalSection(ProjectConfigurationPlatforms) = postSolution
		{35A2AF8D-79F3-4FB1-87ED-C97BC27E835D}.Debug|Any CPU.ActiveCfg = Debug|Any CPU
		{35A2AF8D-79F3-4FB1-87ED-C97BC27E835D}.Debug|Any CPU.Build.0 = Debug|Any CPU
		{35A2AF8D-79F3-4FB1-87ED-C97BC27E835D}.Release|Any CPU.ActiveCfg = Release|Any CPU
		{35A2AF8D-79F3-4FB1-87ED-C97BC27E835D}.Release|Any CPU.Build.0 = Release|Any CPU
	EndGlobalSection
	GlobalSection(SolutionProperties) = preSolution
		HideSolutionNode = FALSE
	EndGlobalSection
	GlobalSection(ExtensibilityGlobals) = postSolution
		SolutionGuid = {70211EB1-03BF-4163-A5B3-F892A236CF74}
	EndGlobalSection
EndGlobal
